// !$*UTF8*$!
{
	archiveVersion = 1;
	classes = {
	};
	objectVersion = 50;
	objects = {

/* Begin PBXBuildFile section */
		AA6A38232659B86500A98BA5 /* Take1App.swift in Sources */ = {isa = PBXBuildFile; fileRef = AA6A38222659B86500A98BA5 /* Take1App.swift */; };
		AA6A38252659B86500A98BA5 /* ContentView.swift in Sources */ = {isa = PBXBuildFile; fileRef = AA6A38242659B86500A98BA5 /* ContentView.swift */; };
		AA6A38272659B86800A98BA5 /* Assets.xcassets in Resources */ = {isa = PBXBuildFile; fileRef = AA6A38262659B86800A98BA5 /* Assets.xcassets */; };
		AA6A382A2659B86800A98BA5 /* Preview Assets.xcassets in Resources */ = {isa = PBXBuildFile; fileRef = AA6A38292659B86800A98BA5 /* Preview Assets.xcassets */; };
		AA6A38352659B86800A98BA5 /* Take1Tests.swift in Sources */ = {isa = PBXBuildFile; fileRef = AA6A38342659B86800A98BA5 /* Take1Tests.swift */; };
		AA6A38402659B86900A98BA5 /* Take1UITests.swift in Sources */ = {isa = PBXBuildFile; fileRef = AA6A383F2659B86900A98BA5 /* Take1UITests.swift */; };
		AA6DA274265D8E1700309C88 /* AddDictView.swift in Sources */ = {isa = PBXBuildFile; fileRef = AA6DA273265D8E1700309C88 /* AddDictView.swift */; };
		AA6DA276265D98C200309C88 /* AddWordView.swift in Sources */ = {isa = PBXBuildFile; fileRef = AA6DA275265D98C200309C88 /* AddWordView.swift */; };
		AA6DA278265D9DB200309C88 /* EditWordView.swift in Sources */ = {isa = PBXBuildFile; fileRef = AA6DA277265D9DB200309C88 /* EditWordView.swift */; };
/* End PBXBuildFile section */

/* Begin PBXContainerItemProxy section */
		AA6A38312659B86800A98BA5 /* PBXContainerItemProxy */ = {
			isa = PBXContainerItemProxy;
			containerPortal = AA6A38172659B86500A98BA5 /* Project object */;
			proxyType = 1;
			remoteGlobalIDString = AA6A381E2659B86500A98BA5;
			remoteInfo = Take1;
		};
		AA6A383C2659B86800A98BA5 /* PBXContainerItemProxy */ = {
			isa = PBXContainerItemProxy;
			containerPortal = AA6A38172659B86500A98BA5 /* Project object */;
			proxyType = 1;
			remoteGlobalIDString = AA6A381E2659B86500A98BA5;
			remoteInfo = Take1;
		};
/* End PBXContainerItemProxy section */

/* Begin PBXFileReference section */
		AA6A381F2659B86500A98BA5 /* Take1.app */ = {isa = PBXFileReference; explicitFileType = wrapper.application; includeInIndex = 0; path = Take1.app; sourceTree = BUILT_PRODUCTS_DIR; };
		AA6A38222659B86500A98BA5 /* Take1App.swift */ = {isa = PBXFileReference; lastKnownFileType = sourcecode.swift; path = Take1App.swift; sourceTree = "<group>"; };
		AA6A38242659B86500A98BA5 /* ContentView.swift */ = {isa = PBXFileReference; lastKnownFileType = sourcecode.swift; path = ContentView.swift; sourceTree = "<group>"; };
		AA6A38262659B86800A98BA5 /* Assets.xcassets */ = {isa = PBXFileReference; lastKnownFileType = folder.assetcatalog; path = Assets.xcassets; sourceTree = "<group>"; };
		AA6A38292659B86800A98BA5 /* Preview Assets.xcassets */ = {isa = PBXFileReference; lastKnownFileType = folder.assetcatalog; path = "Preview Assets.xcassets"; sourceTree = "<group>"; };
		AA6A382B2659B86800A98BA5 /* Info.plist */ = {isa = PBXFileReference; lastKnownFileType = text.plist.xml; path = Info.plist; sourceTree = "<group>"; };
		AA6A38302659B86800A98BA5 /* Take1Tests.xctest */ = {isa = PBXFileReference; explicitFileType = wrapper.cfbundle; includeInIndex = 0; path = Take1Tests.xctest; sourceTree = BUILT_PRODUCTS_DIR; };
		AA6A38342659B86800A98BA5 /* Take1Tests.swift */ = {isa = PBXFileReference; lastKnownFileType = sourcecode.swift; path = Take1Tests.swift; sourceTree = "<group>"; };
		AA6A38362659B86800A98BA5 /* Info.plist */ = {isa = PBXFileReference; lastKnownFileType = text.plist.xml; path = Info.plist; sourceTree = "<group>"; };
		AA6A383B2659B86800A98BA5 /* Take1UITests.xctest */ = {isa = PBXFileReference; explicitFileType = wrapper.cfbundle; includeInIndex = 0; path = Take1UITests.xctest; sourceTree = BUILT_PRODUCTS_DIR; };
		AA6A383F2659B86900A98BA5 /* Take1UITests.swift */ = {isa = PBXFileReference; lastKnownFileType = sourcecode.swift; path = Take1UITests.swift; sourceTree = "<group>"; };
		AA6A38412659B86900A98BA5 /* Info.plist */ = {isa = PBXFileReference; lastKnownFileType = text.plist.xml; path = Info.plist; sourceTree = "<group>"; };
		AA6DA273265D8E1700309C88 /* AddDictView.swift */ = {isa = PBXFileReference; lastKnownFileType = sourcecode.swift; path = AddDictView.swift; sourceTree = "<group>"; };
		AA6DA275265D98C200309C88 /* AddWordView.swift */ = {isa = PBXFileReference; lastKnownFileType = sourcecode.swift; path = AddWordView.swift; sourceTree = "<group>"; };
		AA6DA277265D9DB200309C88 /* EditWordView.swift */ = {isa = PBXFileReference; lastKnownFileType = sourcecode.swift; path = EditWordView.swift; sourceTree = "<group>"; };
/* End PBXFileReference section */

/* Begin PBXFrameworksBuildPhase section */
		AA6A381C2659B86500A98BA5 /* Frameworks */ = {
			isa = PBXFrameworksBuildPhase;
			buildActionMask = 2147483647;
			files = (
			);
			runOnlyForDeploymentPostprocessing = 0;
		};
		AA6A382D2659B86800A98BA5 /* Frameworks */ = {
			isa = PBXFrameworksBuildPhase;
			buildActionMask = 2147483647;
			files = (
			);
			runOnlyForDeploymentPostprocessing = 0;
		};
		AA6A38382659B86800A98BA5 /* Frameworks */ = {
			isa = PBXFrameworksBuildPhase;
			buildActionMask = 2147483647;
			files = (
			);
			runOnlyForDeploymentPostprocessing = 0;
		};
/* End PBXFrameworksBuildPhase section */

/* Begin PBXGroup section */
		AA6A38162659B86500A98BA5 = {
			isa = PBXGroup;
			children = (
				AA6A38212659B86500A98BA5 /* Take1 */,
				AA6A38332659B86800A98BA5 /* Take1Tests */,
				AA6A383E2659B86900A98BA5 /* Take1UITests */,
				AA6A38202659B86500A98BA5 /* Products */,
			);
			sourceTree = "<group>";
		};
		AA6A38202659B86500A98BA5 /* Products */ = {
			isa = PBXGroup;
			children = (
				AA6A381F2659B86500A98BA5 /* Take1.app */,
				AA6A38302659B86800A98BA5 /* Take1Tests.xctest */,
				AA6A383B2659B86800A98BA5 /* Take1UITests.xctest */,
			);
			name = Products;
			sourceTree = "<group>";
		};
		AA6A38212659B86500A98BA5 /* Take1 */ = {
			isa = PBXGroup;
			children = (
				AA6A38222659B86500A98BA5 /* Take1App.swift */,
				AA6A38242659B86500A98BA5 /* ContentView.swift */,
				AA6DA277265D9DB200309C88 /* EditWordView.swift */,
				AA6DA275265D98C200309C88 /* AddWordView.swift */,
				AA6DA273265D8E1700309C88 /* AddDictView.swift */,
				AA6A38262659B86800A98BA5 /* Assets.xcassets */,
				AA6A382B2659B86800A98BA5 /* Info.plist */,
				AA6A38282659B86800A98BA5 /* Preview Content */,
			);
			path = Take1;
			sourceTree = "<group>";
		};
		AA6A38282659B86800A98BA5 /* Preview Content */ = {
			isa = PBXGroup;
			children = (
				AA6A38292659B86800A98BA5 /* Preview Assets.xcassets */,
			);
			path = "Preview Content";
			sourceTree = "<group>";
		};
		AA6A38332659B86800A98BA5 /* Take1Tests */ = {
			isa = PBXGroup;
			children = (
				AA6A38342659B86800A98BA5 /* Take1Tests.swift */,
				AA6A38362659B86800A98BA5 /* Info.plist */,
			);
			path = Take1Tests;
			sourceTree = "<group>";
		};
		AA6A383E2659B86900A98BA5 /* Take1UITests */ = {
			isa = PBXGroup;
			children = (
				AA6A383F2659B86900A98BA5 /* Take1UITests.swift */,
				AA6A38412659B86900A98BA5 /* Info.plist */,
			);
			path = Take1UITests;
			sourceTree = "<group>";
		};
/* End PBXGroup section */

/* Begin PBXNativeTarget section */
		AA6A381E2659B86500A98BA5 /* Take1 */ = {
			isa = PBXNativeTarget;
			buildConfigurationList = AA6A38442659B86900A98BA5 /* Build configuration list for PBXNativeTarget "Take1" */;
			buildPhases = (
				AA6A381B2659B86500A98BA5 /* Sources */,
				AA6A381C2659B86500A98BA5 /* Frameworks */,
				AA6A381D2659B86500A98BA5 /* Resources */,
			);
			buildRules = (
			);
			dependencies = (
			);
			name = Take1;
			productName = Take1;
			productReference = AA6A381F2659B86500A98BA5 /* Take1.app */;
			productType = "com.apple.product-type.application";
		};
		AA6A382F2659B86800A98BA5 /* Take1Tests */ = {
			isa = PBXNativeTarget;
			buildConfigurationList = AA6A38472659B86900A98BA5 /* Build configuration list for PBXNativeTarget "Take1Tests" */;
			buildPhases = (
				AA6A382C2659B86800A98BA5 /* Sources */,
				AA6A382D2659B86800A98BA5 /* Frameworks */,
				AA6A382E2659B86800A98BA5 /* Resources */,
			);
			buildRules = (
			);
			dependencies = (
				AA6A38322659B86800A98BA5 /* PBXTargetDependency */,
			);
			name = Take1Tests;
			productName = Take1Tests;
			productReference = AA6A38302659B86800A98BA5 /* Take1Tests.xctest */;
			productType = "com.apple.product-type.bundle.unit-test";
		};
		AA6A383A2659B86800A98BA5 /* Take1UITests */ = {
			isa = PBXNativeTarget;
			buildConfigurationList = AA6A384A2659B86900A98BA5 /* Build configuration list for PBXNativeTarget "Take1UITests" */;
			buildPhases = (
				AA6A38372659B86800A98BA5 /* Sources */,
				AA6A38382659B86800A98BA5 /* Frameworks */,
				AA6A38392659B86800A98BA5 /* Resources */,
			);
			buildRules = (
			);
			dependencies = (
				AA6A383D2659B86800A98BA5 /* PBXTargetDependency */,
			);
			name = Take1UITests;
			productName = Take1UITests;
			productReference = AA6A383B2659B86800A98BA5 /* Take1UITests.xctest */;
			productType = "com.apple.product-type.bundle.ui-testing";
		};
/* End PBXNativeTarget section */

/* Begin PBXProject section */
		AA6A38172659B86500A98BA5 /* Project object */ = {
			isa = PBXProject;
			attributes = {
				LastSwiftUpdateCheck = 1250;
				LastUpgradeCheck = 1250;
				TargetAttributes = {
					AA6A381E2659B86500A98BA5 = {
						CreatedOnToolsVersion = 12.5;
					};
					AA6A382F2659B86800A98BA5 = {
						CreatedOnToolsVersion = 12.5;
						TestTargetID = AA6A381E2659B86500A98BA5;
					};
					AA6A383A2659B86800A98BA5 = {
						CreatedOnToolsVersion = 12.5;
						TestTargetID = AA6A381E2659B86500A98BA5;
					};
				};
			};
			buildConfigurationList = AA6A381A2659B86500A98BA5 /* Build configuration list for PBXProject "Take1" */;
			compatibilityVersion = "Xcode 9.3";
			developmentRegion = en;
			hasScannedForEncodings = 0;
			knownRegions = (
				en,
				Base,
			);
			mainGroup = AA6A38162659B86500A98BA5;
			productRefGroup = AA6A38202659B86500A98BA5 /* Products */;
			projectDirPath = "";
			projectRoot = "";
			targets = (
				AA6A381E2659B86500A98BA5 /* Take1 */,
				AA6A382F2659B86800A98BA5 /* Take1Tests */,
				AA6A383A2659B86800A98BA5 /* Take1UITests */,
			);
		};
/* End PBXProject section */

/* Begin PBXResourcesBuildPhase section */
		AA6A381D2659B86500A98BA5 /* Resources */ = {
			isa = PBXResourcesBuildPhase;
			buildActionMask = 2147483647;
			files = (
				AA6A382A2659B86800A98BA5 /* Preview Assets.xcassets in Resources */,
				AA6A38272659B86800A98BA5 /* Assets.xcassets in Resources */,
			);
			runOnlyForDeploymentPostprocessing = 0;
		};
		AA6A382E2659B86800A98BA5 /* Resources */ = {
			isa = PBXResourcesBuildPhase;
			buildActionMask = 2147483647;
			files = (
			);
			runOnlyForDeploymentPostprocessing = 0;
		};
		AA6A38392659B86800A98BA5 /* Resources */ = {
			isa = PBXResourcesBuildPhase;
			buildActionMask = 2147483647;
			files = (
			);
			runOnlyForDeploymentPostprocessing = 0;
		};
/* End PBXResourcesBuildPhase section */

/* Begin PBXSourcesBuildPhase section */
		AA6A381B2659B86500A98BA5 /* Sources */ = {
			isa = PBXSourcesBuildPhase;
			buildActionMask = 2147483647;
			files = (
				AA6DA276265D98C200309C88 /* AddWordView.swift in Sources */,
				AA6A38252659B86500A98BA5 /* ContentView.swift in Sources */,
				AA6A38232659B86500A98BA5 /* Take1App.swift in Sources */,
				AA6DA278265D9DB200309C88 /* EditWordView.swift in Sources */,
				AA6DA274265D8E1700309C88 /* AddDictView.swift in Sources */,
			);
			runOnlyForDeploymentPostprocessing = 0;
		};
		AA6A382C2659B86800A98BA5 /* Sources */ = {
			isa = PBXSourcesBuildPhase;
			buildActionMask = 2147483647;
			files = (
				AA6A38352659B86800A98BA5 /* Take1Tests.swift in Sources */,
			);
			runOnlyForDeploymentPostprocessing = 0;
		};
		AA6A38372659B86800A98BA5 /* Sources */ = {
			isa = PBXSourcesBuildPhase;
			buildActionMask = 2147483647;
			files = (
				AA6A38402659B86900A98BA5 /* Take1UITests.swift in Sources */,
			);
			runOnlyForDeploymentPostprocessing = 0;
		};
/* End PBXSourcesBuildPhase section */

/* Begin PBXTargetDependency section */
		AA6A38322659B86800A98BA5 /* PBXTargetDependency */ = {
			isa = PBXTargetDependency;
			target = AA6A381E2659B86500A98BA5 /* Take1 */;
			targetProxy = AA6A38312659B86800A98BA5 /* PBXContainerItemProxy */;
		};
		AA6A383D2659B86800A98BA5 /* PBXTargetDependency */ = {
			isa = PBXTargetDependency;
			target = AA6A381E2659B86500A98BA5 /* Take1 */;
			targetProxy = AA6A383C2659B86800A98BA5 /* PBXContainerItemProxy */;
		};
/* End PBXTargetDependency section */

/* Begin XCBuildConfiguration section */
		AA6A38422659B86900A98BA5 /* Debug */ = {
			isa = XCBuildConfiguration;
			buildSettings = {
				ALWAYS_SEARCH_USER_PATHS = NO;
				CLANG_ANALYZER_NONNULL = YES;
				CLANG_ANALYZER_NUMBER_OBJECT_CONVERSION = YES_AGGRESSIVE;
				CLANG_CXX_LANGUAGE_STANDARD = "gnu++14";
				CLANG_CXX_LIBRARY = "libc++";
				CLANG_ENABLE_MODULES = YES;
				CLANG_ENABLE_OBJC_ARC = YES;
				CLANG_ENABLE_OBJC_WEAK = YES;
				CLANG_WARN_BLOCK_CAPTURE_AUTORELEASING = YES;
				CLANG_WARN_BOOL_CONVERSION = YES;
				CLANG_WARN_COMMA = YES;
				CLANG_WARN_CONSTANT_CONVERSION = YES;
				CLANG_WARN_DEPRECATED_OBJC_IMPLEMENTATIONS = YES;
				CLANG_WARN_DIRECT_OBJC_ISA_USAGE = YES_ERROR;
				CLANG_WARN_DOCUMENTATION_COMMENTS = YES;
				CLANG_WARN_EMPTY_BODY = YES;
				CLANG_WARN_ENUM_CONVERSION = YES;
				CLANG_WARN_INFINITE_RECURSION = YES;
				CLANG_WARN_INT_CONVERSION = YES;
				CLANG_WARN_NON_LITERAL_NULL_CONVERSION = YES;
				CLANG_WARN_OBJC_IMPLICIT_RETAIN_SELF = YES;
				CLANG_WARN_OBJC_LITERAL_CONVERSION = YES;
				CLANG_WARN_OBJC_ROOT_CLASS = YES_ERROR;
				CLANG_WARN_QUOTED_INCLUDE_IN_FRAMEWORK_HEADER = YES;
				CLANG_WARN_RANGE_LOOP_ANALYSIS = YES;
				CLANG_WARN_STRICT_PROTOTYPES = YES;
				CLANG_WARN_SUSPICIOUS_MOVE = YES;
				CLANG_WARN_UNGUARDED_AVAILABILITY = YES_AGGRESSIVE;
				CLANG_WARN_UNREACHABLE_CODE = YES;
				CLANG_WARN__DUPLICATE_METHOD_MATCH = YES;
				COPY_PHASE_STRIP = NO;
				DEBUG_INFORMATION_FORMAT = dwarf;
				ENABLE_STRICT_OBJC_MSGSEND = YES;
				ENABLE_TESTABILITY = YES;
				GCC_C_LANGUAGE_STANDARD = gnu11;
				GCC_DYNAMIC_NO_PIC = NO;
				GCC_NO_COMMON_BLOCKS = YES;
				GCC_OPTIMIZATION_LEVEL = 0;
				GCC_PREPROCESSOR_DEFINITIONS = (
					"DEBUG=1",
					"$(inherited)",
				);
				GCC_WARN_64_TO_32_BIT_CONVERSION = YES;
				GCC_WARN_ABOUT_RETURN_TYPE = YES_ERROR;
				GCC_WARN_UNDECLARED_SELECTOR = YES;
				GCC_WARN_UNINITIALIZED_AUTOS = YES_AGGRESSIVE;
				GCC_WARN_UNUSED_FUNCTION = YES;
				GCC_WARN_UNUSED_VARIABLE = YES;
				IPHONEOS_DEPLOYMENT_TARGET = 14.5;
				MTL_ENABLE_DEBUG_INFO = INCLUDE_SOURCE;
				MTL_FAST_MATH = YES;
				ONLY_ACTIVE_ARCH = YES;
				SDKROOT = iphoneos;
				SWIFT_ACTIVE_COMPILATION_CONDITIONS = DEBUG;
				SWIFT_OPTIMIZATION_LEVEL = "-Onone";
			};
			name = Debug;
		};
		AA6A38432659B86900A98BA5 /* Release */ = {
			isa = XCBuildConfiguration;
			buildSettings = {
				ALWAYS_SEARCH_USER_PATHS = NO;
				CLANG_ANALYZER_NONNULL = YES;
				CLANG_ANALYZER_NUMBER_OBJECT_CONVERSION = YES_AGGRESSIVE;
				CLANG_CXX_LANGUAGE_STANDARD = "gnu++14";
				CLANG_CXX_LIBRARY = "libc++";
				CLANG_ENABLE_MODULES = YES;
				CLANG_ENABLE_OBJC_ARC = YES;
				CLANG_ENABLE_OBJC_WEAK = YES;
				CLANG_WARN_BLOCK_CAPTURE_AUTORELEASING = YES;
				CLANG_WARN_BOOL_CONVERSION = YES;
				CLANG_WARN_COMMA = YES;
				CLANG_WARN_CONSTANT_CONVERSION = YES;
				CLANG_WARN_DEPRECATED_OBJC_IMPLEMENTATIONS = YES;
				CLANG_WARN_DIRECT_OBJC_ISA_USAGE = YES_ERROR;
				CLANG_WARN_DOCUMENTATION_COMMENTS = YES;
				CLANG_WARN_EMPTY_BODY = YES;
				CLANG_WARN_ENUM_CONVERSION = YES;
				CLANG_WARN_INFINITE_RECURSION = YES;
				CLANG_WARN_INT_CONVERSION = YES;
				CLANG_WARN_NON_LITERAL_NULL_CONVERSION = YES;
				CLANG_WARN_OBJC_IMPLICIT_RETAIN_SELF = YES;
				CLANG_WARN_OBJC_LITERAL_CONVERSION = YES;
				CLANG_WARN_OBJC_ROOT_CLASS = YES_ERROR;
				CLANG_WARN_QUOTED_INCLUDE_IN_FRAMEWORK_HEADER = YES;
				CLANG_WARN_RANGE_LOOP_ANALYSIS = YES;
				CLANG_WARN_STRICT_PROTOTYPES = YES;
				CLANG_WARN_SUSPICIOUS_MOVE = YES;
				CLANG_WARN_UNGUARDED_AVAILABILITY = YES_AGGRESSIVE;
				CLANG_WARN_UNREACHABLE_CODE = YES;
				CLANG_WARN__DUPLICATE_METHOD_MATCH = YES;
				COPY_PHASE_STRIP = NO;
				DEBUG_INFORMATION_FORMAT = "dwarf-with-dsym";
				ENABLE_NS_ASSERTIONS = NO;
				ENABLE_STRICT_OBJC_MSGSEND = YES;
				GCC_C_LANGUAGE_STANDARD = gnu11;
				GCC_NO_COMMON_BLOCKS = YES;
				GCC_WARN_64_TO_32_BIT_CONVERSION = YES;
				GCC_WARN_ABOUT_RETURN_TYPE = YES_ERROR;
				GCC_WARN_UNDECLARED_SELECTOR = YES;
				GCC_WARN_UNINITIALIZED_AUTOS = YES_AGGRESSIVE;
				GCC_WARN_UNUSED_FUNCTION = YES;
				GCC_WARN_UNUSED_VARIABLE = YES;
				IPHONEOS_DEPLOYMENT_TARGET = 14.5;
				MTL_ENABLE_DEBUG_INFO = NO;
				MTL_FAST_MATH = YES;
				SDKROOT = iphoneos;
				SWIFT_COMPILATION_MODE = wholemodule;
				SWIFT_OPTIMIZATION_LEVEL = "-O";
				VALIDATE_PRODUCT = YES;
			};
			name = Release;
		};
		AA6A38452659B86900A98BA5 /* Debug */ = {
			isa = XCBuildConfiguration;
			buildSettings = {
				ASSETCATALOG_COMPILER_APPICON_NAME = AppIcon;
				ASSETCATALOG_COMPILER_GLOBAL_ACCENT_COLOR_NAME = AccentColor;
				CODE_SIGN_STYLE = Automatic;
				DEVELOPMENT_ASSET_PATHS = "\"Take1/Preview Content\"";
				ENABLE_PREVIEWS = YES;
				INFOPLIST_FILE = Take1/Info.plist;
				IPHONEOS_DEPLOYMENT_TARGET = 14.0;
				LD_RUNPATH_SEARCH_PATHS = (
					"$(inherited)",
					"@executable_path/Frameworks",
				);
				PRODUCT_BUNDLE_IDENTIFIER = MyId.Take1;
				PRODUCT_NAME = "$(TARGET_NAME)";
				SWIFT_VERSION = 5.0;
				TARGETED_DEVICE_FAMILY = "1,2";
			};
			name = Debug;
		};
		AA6A38462659B86900A98BA5 /* Release */ = {
			isa = XCBuildConfiguration;
			buildSettings = {
				ASSETCATALOG_COMPILER_APPICON_NAME = AppIcon;
				ASSETCATALOG_COMPILER_GLOBAL_ACCENT_COLOR_NAME = AccentColor;
				CODE_SIGN_STYLE = Automatic;
				DEVELOPMENT_ASSET_PATHS = "\"Take1/Preview Content\"";
				ENABLE_PREVIEWS = YES;
				INFOPLIST_FILE = Take1/Info.plist;
				IPHONEOS_DEPLOYMENT_TARGET = 14.0;
				LD_RUNPATH_SEARCH_PATHS = (
					"$(inherited)",
					"@executable_path/Frameworks",
				);
				PRODUCT_BUNDLE_IDENTIFIER = MyId.Take1;
				PRODUCT_NAME = "$(TARGET_NAME)";
				SWIFT_VERSION = 5.0;
				TARGETED_DEVICE_FAMILY = "1,2";
			};
			name = Release;
		};
		AA6A38482659B86900A98BA5 /* Debug */ = {
			isa = XCBuildConfiguration;
			buildSettings = {
				ALWAYS_EMBED_SWIFT_STANDARD_LIBRARIES = YES;
				BUNDLE_LOADER = "$(TEST_HOST)";
				CODE_SIGN_STYLE = Automatic;
				INFOPLIST_FILE = Take1Tests/Info.plist;
				IPHONEOS_DEPLOYMENT_TARGET = 14.0;
				LD_RUNPATH_SEARCH_PATHS = (
					"$(inherited)",
					"@executable_path/Frameworks",
					"@loader_path/Frameworks",
				);
				PRODUCT_BUNDLE_IDENTIFIER = MyId.Take1Tests;
				PRODUCT_NAME = "$(TARGET_NAME)";
				SWIFT_VERSION = 5.0;
				TARGETED_DEVICE_FAMILY = "1,2";
				TEST_HOST = "$(BUILT_PRODUCTS_DIR)/Take1.app/Take1";
			};
			name = Debug;
		};
		AA6A38492659B86900A98BA5 /* Release */ = {
			isa = XCBuildConfiguration;
			buildSettings = {
				ALWAYS_EMBED_SWIFT_STANDARD_LIBRARIES = YES;
				BUNDLE_LOADER = "$(TEST_HOST)";
				CODE_SIGN_STYLE = Automatic;
				INFOPLIST_FILE = Take1Tests/Info.plist;
				IPHONEOS_DEPLOYMENT_TARGET = 14.0;
				LD_RUNPATH_SEARCH_PATHS = (
					"$(inherited)",
					"@executable_path/Frameworks",
					"@loader_path/Frameworks",
				);
				PRODUCT_BUNDLE_IDENTIFIER = MyId.Take1Tests;
				PRODUCT_NAME = "$(TARGET_NAME)";
				SWIFT_VERSION = 5.0;
				TARGETED_DEVICE_FAMILY = "1,2";
				TEST_HOST = "$(BUILT_PRODUCTS_DIR)/Take1.app/Take1";
			};
			name = Release;
		};
		AA6A384B2659B86900A98BA5 /* Debug */ = {
			isa = XCBuildConfiguration;
			buildSettings = {
				ALWAYS_EMBED_SWIFT_STANDARD_LIBRARIES = YES;
				CODE_SIGN_STYLE = Automatic;
				INFOPLIST_FILE = Take1UITests/Info.plist;
				LD_RUNPATH_SEARCH_PATHS = (
					"$(inherited)",
					"@executable_path/Frameworks",
					"@loader_path/Frameworks",
				);
				PRODUCT_BUNDLE_IDENTIFIER = MyId.Take1UITests;
				PRODUCT_NAME = "$(TARGET_NAME)";
				SWIFT_VERSION = 5.0;
				TARGETED_DEVICE_FAMILY = "1,2";
				TEST_TARGET_NAME = Take1;
			};
			name = Debug;
		};
		AA6A384C2659B86900A98BA5 /* Release */ = {
			isa = XCBuildConfiguration;
			buildSettings = {
				ALWAYS_EMBED_SWIFT_STANDARD_LIBRARIES = YES;
				CODE_SIGN_STYLE = Automatic;
				INFOPLIST_FILE = Take1UITests/Info.plist;
				LD_RUNPATH_SEARCH_PATHS = (
					"$(inherited)",
					"@executable_path/Frameworks",
					"@loader_path/Frameworks",
				);
				PRODUCT_BUNDLE_IDENTIFIER = MyId.Take1UITests;
				PRODUCT_NAME = "$(TARGET_NAME)";
				SWIFT_VERSION = 5.0;
				TARGETED_DEVICE_FAMILY = "1,2";
				TEST_TARGET_NAME = Take1;
			};
			name = Release;
		};
/* End XCBuildConfiguration section */

/* Begin XCConfigurationList section */
		AA6A381A2659B86500A98BA5 /* Build configuration list for PBXProject "Take1" */ = {
			isa = XCConfigurationList;
			buildConfigurations = (
				AA6A38422659B86900A98BA5 /* Debug */,
				AA6A38432659B86900A98BA5 /* Release */,
			);
			defaultConfigurationIsVisible = 0;
			defaultConfigurationName = Release;
		};
		AA6A38442659B86900A98BA5 /* Build configuration list for PBXNativeTarget "Take1" */ = {
			isa = XCConfigurationList;
			buildConfigurations = (
				AA6A38452659B86900A98BA5 /* Debug */,
				AA6A38462659B86900A98BA5 /* Release */,
			);
			defaultConfigurationIsVisible = 0;
			defaultConfigurationName = Release;
		};
		AA6A38472659B86900A98BA5 /* Build configuration list for PBXNativeTarget "Take1Tests" */ = {
			isa = XCConfigurationList;
			buildConfigurations = (
				AA6A38482659B86900A98BA5 /* Debug */,
				AA6A38492659B86900A98BA5 /* Release */,
			);
			defaultConfigurationIsVisible = 0;
			defaultConfigurationName = Release;
		};
		AA6A384A2659B86900A98BA5 /* Build configuration list for PBXNativeTarget "Take1UITests" */ = {
			isa = XCConfigurationList;
			buildConfigurations = (
				AA6A384B2659B86900A98BA5 /* Debug */,
				AA6A384C2659B86900A98BA5 /* Release */,
			);
			defaultConfigurationIsVisible = 0;
			defaultConfigurationName = Release;
		};
/* End XCConfigurationList section */
	};
	rootObject = AA6A38172659B86500A98BA5 /* Project object */;
}
